
Microsoft Visual Studio Solution File, Format Version 12.00
# Visual Studio Version 16
VisualStudioVersion = 16.0.30011.22
MinimumVisualStudioVersion = 10.0.40219.1
Project("{9A19103F-16F7-4668-BE54-9A1E7A4F7556}") = "DecodeServerClient", "DecodeServerClient\DecodeServerClient.csproj", "{C28FC160-389C-42E5-BB1C-4F11F3F1CA19}"
EndProject
Project("{FAE04EC0-301F-11D3-BF4B-00C04F79EFBC}") = "DecodeServerClientTest", "DecodeServerClientTest\DecodeServerClientTest.csproj", "{76411DCC-CB9A-4AA5-9F22-33B557DFC47D}"
EndProject
Global
	GlobalSection(SolutionConfigurationPlatforms) = preSolution
		Debug|Any CPU = Debug|Any CPU
		Release|Any CPU = Release|Any CPU
	EndGlobalSection
	GlobalSection(ProjectConfigurationPlatforms) = postSolution
		{C28FC160-389C-42E5-BB1C-4F11F3F1CA19}.Debug|Any CPU.ActiveCfg = Debug|Any CPU
		{C28FC160-389C-42E5-BB1C-4F11F3F1CA19}.Debug|Any CPU.Build.0 = Debug|Any CPU
		{C28FC160-389C-42E5-BB1C-4F11F3F1CA19}.Release|Any CPU.ActiveCfg = Release|Any CPU
		{C28FC160-389C-42E5-BB1C-4F11F3F1CA19}.Release|Any CPU.Build.0 = Release|Any CPU
		{76411DCC-CB9A-4AA5-9F22-33B557DFC47D}.Debug|Any CPU.ActiveCfg = Debug|Any CPU
		{76411DCC-CB9A-4AA5-9F22-33B557DFC47D}.Debug|Any CPU.Build.0 = Debug|Any CPU
		{76411DCC-CB9A-4AA5-9F22-33B557DFC47D}.Release|Any CPU.ActiveCfg = Release|Any CPU
		{76411DCC-CB9A-4AA5-9F22-33B557DFC47D}.Release|Any CPU.Build.0 = Release|Any CPU
	EndGlobalSection
	GlobalSection(SolutionProperties) = preSolution
		HideSolutionNode = FALSE
	EndGlobalSection
	GlobalSection(ExtensibilityGlobals) = postSolution
		SolutionGuid = {9EE510DF-F921-4F99-B1C7-9D7637BA5F6C}
	EndGlobalSection
EndGlobal
